// !$*UTF8*$!
{
	archiveVersion = 1;
	classes = {
	};
	objectVersion = 46;
	objects = {

/* Begin PBXBuildFile section */
		DF0777D81EB1E9E000C0362D /* AppDelegate.swift in Sources */ = {isa = PBXBuildFile; fileRef = DF0777D71EB1E9E000C0362D /* AppDelegate.swift */; };
		DF0777DA1EB1E9E000C0362D /* ViewController.swift in Sources */ = {isa = PBXBuildFile; fileRef = DF0777D91EB1E9E000C0362D /* ViewController.swift */; };
		DF0777DD1EB1E9E000C0362D /* Main.storyboard in Resources */ = {isa = PBXBuildFile; fileRef = DF0777DB1EB1E9E000C0362D /* Main.storyboard */; };
		DF0777DF1EB1E9E000C0362D /* Assets.xcassets in Resources */ = {isa = PBXBuildFile; fileRef = DF0777DE1EB1E9E000C0362D /* Assets.xcassets */; };
		DF0777E21EB1E9E000C0362D /* LaunchScreen.storyboard in Resources */ = {isa = PBXBuildFile; fileRef = DF0777E01EB1E9E000C0362D /* LaunchScreen.storyboard */; };
		DF0777EA1EB2025B00C0362D /* UIButtonX.swift in Sources */ = {isa = PBXBuildFile; fileRef = DF0777E91EB2025B00C0362D /* UIButtonX.swift */; };
/* End PBXBuildFile section */

/* Begin PBXFileReference section */
		DF0777D41EB1E9E000C0362D /* 767654.app */ = {isa = PBXFileReference; explicitFileType = wrapper.application; includeInIndex = 0; path = 767654.app; sourceTree = BUILT_PRODUCTS_DIR; };
		DF0777D71EB1E9E000C0362D /* AppDelegate.swift */ = {isa = PBXFileReference; lastKnownFileType = sourcecode.swift; path = AppDelegate.swift; sourceTree = "<group>"; };
		DF0777D91EB1E9E000C0362D /* ViewController.swift */ = {isa = PBXFileReference; lastKnownFileType = sourcecode.swift; path = ViewController.swift; sourceTree = "<group>"; };
		DF0777DC1EB1E9E000C0362D /* Base */ = {isa = PBXFileReference; lastKnownFileType = file.storyboard; name = Base; path = Base.lproj/Main.storyboard; sourceTree = "<group>"; };
		DF0777DE1EB1E9E000C0362D /* Assets.xcassets */ = {isa = PBXFileReference; lastKnownFileType = folder.assetcatalog; path = Assets.xcassets; sourceTree = "<group>"; };
		DF0777E11EB1E9E000C0362D /* Base */ = {isa = PBXFileReference; lastKnownFileType = file.storyboard; name = Base; path = Base.lproj/LaunchScreen.storyboard; sourceTree = "<group>"; };
		DF0777E31EB1E9E000C0362D /* Info.plist */ = {isa = PBXFileReference; lastKnownFileType = text.plist.xml; path = Info.plist; sourceTree = "<group>"; };
		DF0777E91EB2025B00C0362D /* UIButtonX.swift */ = {isa = PBXFileReference; fileEncoding = 4; lastKnownFileType = sourcecode.swift; path = UIButtonX.swift; sourceTree = "<group>"; };
/* End PBXFileReference section */

/* Begin PBXFrameworksBuildPhase section */
		DF0777D11EB1E9E000C0362D /* Frameworks */ = {
			isa = PBXFrameworksBuildPhase;
			buildActionMask = 2147483647;
			files = (
			);
			runOnlyForDeploymentPostprocessing = 0;
		};
/* End PBXFrameworksBuildPhase section */

/* Begin PBXGroup section */
		DF0777CB1EB1E9E000C0362D = {
			isa = PBXGroup;
			children = (
				DF0777D61EB1E9E000C0362D /* 767654 */,
				DF0777D51EB1E9E000C0362D /* Products */,
			);
			sourceTree = "<group>";
		};
		DF0777D51EB1E9E000C0362D /* Products */ = {
			isa = PBXGroup;
			children = (
				DF0777D41EB1E9E000C0362D /* 767654.app */,
			);
			name = Products;
			sourceTree = "<group>";
		};
		DF0777D61EB1E9E000C0362D /* 767654 */ = {
			isa = PBXGroup;
			children = (
				DF0777D71EB1E9E000C0362D /* AppDelegate.swift */,
				DF0777D91EB1E9E000C0362D /* ViewController.swift */,
				DF0777DB1EB1E9E000C0362D /* Main.storyboard */,
				DF0777DE1EB1E9E000C0362D /* Assets.xcassets */,
				DF0777E91EB2025B00C0362D /* UIButtonX.swift */,
				DF0777E01EB1E9E000C0362D /* LaunchScreen.storyboard */,
				DF0777E31EB1E9E000C0362D /* Info.plist */,
			);
			path = 767654;
			sourceTree = "<group>";
		};
/* End PBXGroup section */

/* Begin PBXNativeTarget section */
		DF0777D31EB1E9E000C0362D /* 767654 */ = {
			isa = PBXNativeTarget;
			buildConfigurationList = DF0777E61EB1E9E000C0362D /* Build configuration list for PBXNativeTarget "767654" */;
			buildPhases = (
				DF0777D01EB1E9E000C0362D /* Sources */,
				DF0777D11EB1E9E000C0362D /* Frameworks */,
				DF0777D21EB1E9E000C0362D /* Resources */,
			);
			buildRules = (
			);
			dependencies = (
			);
			name = 767654;
			productName = 767654;
			productReference = DF0777D41EB1E9E000C0362D /* 767654.app */;
			productType = "com.apple.product-type.application";
		};
/* End PBXNativeTarget section */

/* Begin PBXProject section */
		DF0777CC1EB1E9E000C0362D /* Project object */ = {
			isa = PBXProject;
			attributes = {
				LastSwiftUpdateCheck = 0820;
				LastUpgradeCheck = 0820;
				ORGANIZATIONNAME = "Yermakov Anton";
				TargetAttributes = {
					DF0777D31EB1E9E000C0362D = {
						CreatedOnToolsVersion = 8.2;
						DevelopmentTeam = J4VJ6DKU9Z;
						ProvisioningStyle = Automatic;
					};
				};
			};
			buildConfigurationList = DF0777CF1EB1E9E000C0362D /* Build configuration list for PBXProject "767654" */;
			compatibilityVersion = "Xcode 3.2";
			developmentRegion = English;
			hasScannedForEncodings = 0;
			knownRegions = (
				en,
				Base,
			);
			mainGroup = DF0777CB1EB1E9E000C0362D;
			productRefGroup = DF0777D51EB1E9E000C0362D /* Products */;
			projectDirPath = "";
			projectRoot = "";
			targets = (
				DF0777D31EB1E9E000C0362D /* 767654 */,
			);
		};
/* End PBXProject section */

/* Begin PBXResourcesBuildPhase section */
		DF0777D21EB1E9E000C0362D /* Resources */ = {
			isa = PBXResourcesBuildPhase;
			buildActionMask = 2147483647;
			files = (
				DF0777E21EB1E9E000C0362D /* LaunchScreen.storyboard in Resources */,
				DF0777DF1EB1E9E000C0362D /* Assets.xcassets in Resources */,
				DF0777DD1EB1E9E000C0362D /* Main.storyboard in Resources */,
			);
			runOnlyForDeploymentPostprocessing = 0;
		};
/* End PBXResourcesBuildPhase section */

/* Begin PBXSourcesBuildPhase section */
		DF0777D01EB1E9E000C0362D /* Sources */ = {
			isa = PBXSourcesBuildPhase;
			buildActionMask = 2147483647;
			files = (
				DF0777DA1EB1E9E000C0362D /* ViewController.swift in Sources */,
				DF0777D81EB1E9E000C0362D /* AppDelegate.swift in Sources */,
				DF0777EA1EB2025B00C0362D /* UIButtonX.swift in Sources */,
			);
			runOnlyForDeploymentPostprocessing = 0;
		};
/* End PBXSourcesBuildPhase section */

/* Begin PBXVariantGroup section */
		DF0777DB1EB1E9E000C0362D /* Main.storyboard */ = {
			isa = PBXVariantGroup;
			children = (
				DF0777DC1EB1E9E000C0362D /* Base */,
			);
			name = Main.storyboard;
			sourceTree = "<group>";
		};
		DF0777E01EB1E9E000C0362D /* LaunchScreen.storyboard */ = {
			isa = PBXVariantGroup;
			children = (
				DF0777E11EB1E9E000C0362D /* Base */,
			);
			name = LaunchScreen.storyboard;
			sourceTree = "<group>";
		};
/* End PBXVariantGroup section */

/* Begin XCBuildConfiguration section */
		DF0777E41EB1E9E000C0362D /* Debug */ = {
			isa = XCBuildConfiguration;
			buildSettings = {
				ALWAYS_SEARCH_USER_PATHS = NO;
				CLANG_ANALYZER_NONNULL = YES;
				CLANG_CXX_LANGUAGE_STANDARD = "gnu++0x";
				CLANG_CXX_LIBRARY = "libc++";
				CLANG_ENABLE_MODULES = YES;
				CLANG_ENABLE_OBJC_ARC = YES;
				CLANG_WARN_BOOL_CONVERSION = YES;
				CLANG_WARN_CONSTANT_CONVERSION = YES;
				CLANG_WARN_DIRECT_OBJC_ISA_USAGE = YES_ERROR;
				CLANG_WARN_DOCUMENTATION_COMMENTS = YES;
				CLANG_WARN_EMPTY_BODY = YES;
				CLANG_WARN_ENUM_CONVERSION = YES;
				CLANG_WARN_INFINITE_RECURSION = YES;
				CLANG_WARN_INT_CONVERSION = YES;
				CLANG_WARN_OBJC_ROOT_CLASS = YES_ERROR;
				CLANG_WARN_SUSPICIOUS_MOVE = YES;
				CLANG_WARN_UNREACHABLE_CODE = YES;
				CLANG_WARN__DUPLICATE_METHOD_MATCH = YES;
				"CODE_SIGN_IDENTITY[sdk=iphoneos*]" = "iPhone Developer";
				COPY_PHASE_STRIP = NO;
				DEBUG_INFORMATION_FORMAT = dwarf;
				ENABLE_STRICT_OBJC_MSGSEND = YES;
				ENABLE_TESTABILITY = YES;
				GCC_C_LANGUAGE_STANDARD = gnu99;
				GCC_DYNAMIC_NO_PIC = NO;
				GCC_NO_COMMON_BLOCKS = YES;
				GCC_OPTIMIZATION_LEVEL = 0;
				GCC_PREPROCESSOR_DEFINITIONS = (
					"DEBUG=1",
					"$(inherited)",
				);
				GCC_WARN_64_TO_32_BIT_CONVERSION = YES;
				GCC_WARN_ABOUT_RETURN_TYPE = YES_ERROR;
				GCC_WARN_UNDECLARED_SELECTOR = YES;
				GCC_WARN_UNINITIALIZED_AUTOS = YES_AGGRESSIVE;
				GCC_WARN_UNUSED_FUNCTION = YES;
				GCC_WARN_UNUSED_VARIABLE = YES;
				IPHONEOS_DEPLOYMENT_TARGET = 10.2;
				MTL_ENABLE_DEBUG_INFO = YES;
				ONLY_ACTIVE_ARCH = YES;
				SDKROOT = iphoneos;
				SWIFT_ACTIVE_COMPILATION_CONDITIONS = DEBUG;
				SWIFT_OPTIMIZATION_LEVEL = "-Onone";
			};
			name = Debug;
		};
		DF0777E51EB1E9E000C0362D /* Release */ = {
			isa = XCBuildConfiguration;
			buildSettings = {
				ALWAYS_SEARCH_USER_PATHS = NO;
				CLANG_ANALYZER_NONNULL = YES;
				CLANG_CXX_LANGUAGE_STANDARD = "gnu++0x";
				CLANG_CXX_LIBRARY = "libc++";
				CLANG_ENABLE_MODULES = YES;
				CLANG_ENABLE_OBJC_ARC = YES;
				CLANG_WARN_BOOL_CONVERSION = YES;
				CLANG_WARN_CONSTANT_CONVERSION = YES;
				CLANG_WARN_DIRECT_OBJC_ISA_USAGE = YES_ERROR;
				CLANG_WARN_DOCUMENTATION_COMMENTS = YES;
				CLANG_WARN_EMPTY_BODY = YES;
				CLANG_WARN_ENUM_CONVERSION = YES;
				CLANG_WARN_INFINITE_RECURSION = YES;
				CLANG_WARN_INT_CONVERSION = YES;
				CLANG_WARN_OBJC_ROOT_CLASS = YES_ERROR;
				CLANG_WARN_SUSPICIOUS_MOVE = YES;
				CLANG_WARN_UNREACHABLE_CODE = YES;
				CLANG_WARN__DUPLICATE_METHOD_MATCH = YES;
				"CODE_SIGN_IDENTITY[sdk=iphoneos*]" = "iPhone Developer";
				COPY_PHASE_STRIP = NO;
				DEBUG_INFORMATION_FORMAT = "dwarf-with-dsym";
				ENABLE_NS_ASSERTIONS = NO;
				ENABLE_STRICT_OBJC_MSGSEND = YES;
				GCC_C_LANGUAGE_STANDARD = gnu99;
				GCC_NO_COMMON_BLOCKS = YES;
				GCC_WARN_64_TO_32_BIT_CONVERSION = YES;
				GCC_WARN_ABOUT_RETURN_TYPE = YES_ERROR;
				GCC_WARN_UNDECLARED_SELECTOR = YES;
				GCC_WARN_UNINITIALIZED_AUTOS = YES_AGGRESSIVE;
				GCC_WARN_UNUSED_FUNCTION = YES;
				GCC_WARN_UNUSED_VARIABLE = YES;
				IPHONEOS_DEPLOYMENT_TARGET = 10.2;
				MTL_ENABLE_DEBUG_INFO = NO;
				SDKROOT = iphoneos;
				SWIFT_OPTIMIZATION_LEVEL = "-Owholemodule";
				VALIDATE_PRODUCT = YES;
			};
			name = Release;
		};
		DF0777E71EB1E9E000C0362D /* Debug */ = {
			isa = XCBuildConfiguration;
			buildSettings = {
				ASSETCATALOG_COMPILER_APPICON_NAME = AppIcon;
				DEVELOPMENT_TEAM = J4VJ6DKU9Z;
				INFOPLIST_FILE = 767654/Info.plist;
				LD_RUNPATH_SEARCH_PATHS = "$(inherited) @executable_path/Frameworks";
				PRODUCT_BUNDLE_IDENTIFIER = "Swift--Project.-67654";
				PRODUCT_NAME = "$(TARGET_NAME)";
				SWIFT_VERSION = 3.0;
			};
			name = Debug;
		};
		DF0777E81EB1E9E000C0362D /* Release */ = {
			isa = XCBuildConfiguration;
			buildSettings = {
				ASSETCATALOG_COMPILER_APPICON_NAME = AppIcon;
				DEVELOPMENT_TEAM = J4VJ6DKU9Z;
				INFOPLIST_FILE = 767654/Info.plist;
				LD_RUNPATH_SEARCH_PATHS = "$(inherited) @executable_path/Frameworks";
				PRODUCT_BUNDLE_IDENTIFIER = "Swift--Project.-67654";
				PRODUCT_NAME = "$(TARGET_NAME)";
				SWIFT_VERSION = 3.0;
			};
			name = Release;
		};
/* End XCBuildConfiguration section */

/* Begin XCConfigurationList section */
		DF0777CF1EB1E9E000C0362D /* Build configuration list for PBXProject "767654" */ = {
			isa = XCConfigurationList;
			buildConfigurations = (
				DF0777E41EB1E9E000C0362D /* Debug */,
				DF0777E51EB1E9E000C0362D /* Release */,
			);
			defaultConfigurationIsVisible = 0;
			defaultConfigurationName = Release;
		};
		DF0777E61EB1E9E000C0362D /* Build configuration list for PBXNativeTarget "767654" */ = {
			isa = XCConfigurationList;
			buildConfigurations = (
				DF0777E71EB1E9E000C0362D /* Debug */,
				DF0777E81EB1E9E000C0362D /* Release */,
			);
			defaultConfigurationIsVisible = 0;
			defaultConfigurationName = Release;
		};
/* End XCConfigurationList section */
	};
	rootObject = DF0777CC1EB1E9E000C0362D /* Project object */;
}
